
Microsoft Visual Studio Solution File, Format Version 12.00
# Visual Studio Version 16
VisualStudioVersion = 16.0.30804.86
MinimumVisualStudioVersion = 10.0.40219.1
Project("{9A19103F-16F7-4668-BE54-9A1E7A4F7556}") = "KampIntro", "KampIntro\KampIntro.csproj", "{3B1F5FCE-E226-48C7-BBAE-B6DB9B77C4EC}"
EndProject
Project("{9A19103F-16F7-4668-BE54-9A1E7A4F7556}") = "Donguler", "Donguler\Donguler.csproj", "{F0B8FB81-4C43-4AA8-819B-03D3AA3D950D}"
EndProject
Project("{9A19103F-16F7-4668-BE54-9A1E7A4F7556}") = "ClassIntro", "ClassIntro\ClassIntro.csproj", "{9F6E725B-63FA-451E-A196-5DD4F657149F}"
EndProject
Project("{9A19103F-16F7-4668-BE54-9A1E7A4F7556}") = "Gun2Odev6", "Gun2Odev6\Gun2Odev6.csproj", "{19652BA8-A9C8-4717-A16D-FFB65EA6A26D}"
EndProject
Project("{9A19103F-16F7-4668-BE54-9A1E7A4F7556}") = "Metotlar", "Metotlar\Metotlar.csproj", "{1944B396-B220-40C7-BB70-4822BC6D9929}"
EndProject
Project("{9A19103F-16F7-4668-BE54-9A1E7A4F7556}") = "Matematik", "Matematik\Matematik.csproj", "{2F160170-D847-4F2F-B193-56B8CBA131BE}"
EndProject
Project("{9A19103F-16F7-4668-BE54-9A1E7A4F7556}") = "DegerVeReferansTipler", "DegerVeReferansTipler\DegerVeReferansTipler.csproj", "{A80B1FB2-9CB3-4166-8CF2-85A9097F7127}"
EndProject
Project("{9A19103F-16F7-4668-BE54-9A1E7A4F7556}") = "OOP1", "OOP1\OOP1.csproj", "{85C32DCB-31C5-4414-9B77-D5F01EC3B178}"
EndProject
Project("{9A19103F-16F7-4668-BE54-9A1E7A4F7556}") = "Koleksiyonlar", "Koleksiyonlar\Koleksiyonlar.csproj", "{C4266C12-37E8-4514-BAE4-EB0D2AEEFC15}"
EndProject
Project("{9A19103F-16F7-4668-BE54-9A1E7A4F7556}") = "GenericsIntro", "GenericsIntro\GenericsIntro.csproj", "{7563A769-1265-4388-A94E-9BE788BBD3F2}"
EndProject
Project("{9A19103F-16F7-4668-BE54-9A1E7A4F7556}") = "Gun4Odev5", "Gun4Odev5\Gun4Odev5.csproj", "{A4B0528B-6775-4A31-B303-8864AF2A1175}"
EndProject
Project("{FAE04EC0-301F-11D3-BF4B-00C04F79EFBC}") = "OOP2", "OOP2\OOP2.csproj", "{BA212AE6-CE66-4853-9398-A5F0F66A57FD}"
EndProject
Project("{FAE04EC0-301F-11D3-BF4B-00C04F79EFBC}") = "OOP3", "OOP3\OOP3.csproj", "{03E67A0D-D21A-4B61-84D6-ECD8DA215FE2}"
EndProject
Global
	GlobalSection(SolutionConfigurationPlatforms) = preSolution
		Debug|Any CPU = Debug|Any CPU
		Release|Any CPU = Release|Any CPU
	EndGlobalSection
	GlobalSection(ProjectConfigurationPlatforms) = postSolution
		{3B1F5FCE-E226-48C7-BBAE-B6DB9B77C4EC}.Debug|Any CPU.ActiveCfg = Debug|Any CPU
		{3B1F5FCE-E226-48C7-BBAE-B6DB9B77C4EC}.Debug|Any CPU.Build.0 = Debug|Any CPU
		{3B1F5FCE-E226-48C7-BBAE-B6DB9B77C4EC}.Release|Any CPU.ActiveCfg = Release|Any CPU
		{3B1F5FCE-E226-48C7-BBAE-B6DB9B77C4EC}.Release|Any CPU.Build.0 = Release|Any CPU
		{F0B8FB81-4C43-4AA8-819B-03D3AA3D950D}.Debug|Any CPU.ActiveCfg = Debug|Any CPU
		{F0B8FB81-4C43-4AA8-819B-03D3AA3D950D}.Debug|Any CPU.Build.0 = Debug|Any CPU
		{F0B8FB81-4C43-4AA8-819B-03D3AA3D950D}.Release|Any CPU.ActiveCfg = Release|Any CPU
		{F0B8FB81-4C43-4AA8-819B-03D3AA3D950D}.Release|Any CPU.Build.0 = Release|Any CPU
		{9F6E725B-63FA-451E-A196-5DD4F657149F}.Debug|Any CPU.ActiveCfg = Debug|Any CPU
		{9F6E725B-63FA-451E-A196-5DD4F657149F}.Debug|Any CPU.Build.0 = Debug|Any CPU
		{9F6E725B-63FA-451E-A196-5DD4F657149F}.Release|Any CPU.ActiveCfg = Release|Any CPU
		{9F6E725B-63FA-451E-A196-5DD4F657149F}.Release|Any CPU.Build.0 = Release|Any CPU
		{19652BA8-A9C8-4717-A16D-FFB65EA6A26D}.Debug|Any CPU.ActiveCfg = Debug|Any CPU
		{19652BA8-A9C8-4717-A16D-FFB65EA6A26D}.Debug|Any CPU.Build.0 = Debug|Any CPU
		{19652BA8-A9C8-4717-A16D-FFB65EA6A26D}.Release|Any CPU.ActiveCfg = Release|Any CPU
		{19652BA8-A9C8-4717-A16D-FFB65EA6A26D}.Release|Any CPU.Build.0 = Release|Any CPU
		{1944B396-B220-40C7-BB70-4822BC6D9929}.Debug|Any CPU.ActiveCfg = Debug|Any CPU
		{1944B396-B220-40C7-BB70-4822BC6D9929}.Debug|Any CPU.Build.0 = Debug|Any CPU
		{1944B396-B220-40C7-BB70-4822BC6D9929}.Release|Any CPU.ActiveCfg = Release|Any CPU
		{1944B396-B220-40C7-BB70-4822BC6D9929}.Release|Any CPU.Build.0 = Release|Any CPU
		{2F160170-D847-4F2F-B193-56B8CBA131BE}.Debug|Any CPU.ActiveCfg = Debug|Any CPU
		{2F160170-D847-4F2F-B193-56B8CBA131BE}.Debug|Any CPU.Build.0 = Debug|Any CPU
		{2F160170-D847-4F2F-B193-56B8CBA131BE}.Release|Any CPU.ActiveCfg = Release|Any CPU
		{2F160170-D847-4F2F-B193-56B8CBA131BE}.Release|Any CPU.Build.0 = Release|Any CPU
		{A80B1FB2-9CB3-4166-8CF2-85A9097F7127}.Debug|Any CPU.ActiveCfg = Debug|Any CPU
		{A80B1FB2-9CB3-4166-8CF2-85A9097F7127}.Debug|Any CPU.Build.0 = Debug|Any CPU
		{A80B1FB2-9CB3-4166-8CF2-85A9097F7127}.Release|Any CPU.ActiveCfg = Release|Any CPU
		{A80B1FB2-9CB3-4166-8CF2-85A9097F7127}.Release|Any CPU.Build.0 = Release|Any CPU
		{85C32DCB-31C5-4414-9B77-D5F01EC3B178}.Debug|Any CPU.ActiveCfg = Debug|Any CPU
		{85C32DCB-31C5-4414-9B77-D5F01EC3B178}.Debug|Any CPU.Build.0 = Debug|Any CPU
		{85C32DCB-31C5-4414-9B77-D5F01EC3B178}.Release|Any CPU.ActiveCfg = Release|Any CPU
		{85C32DCB-31C5-4414-9B77-D5F01EC3B178}.Release|Any CPU.Build.0 = Release|Any CPU
		{C4266C12-37E8-4514-BAE4-EB0D2AEEFC15}.Debug|Any CPU.ActiveCfg = Debug|Any CPU
		{C4266C12-37E8-4514-BAE4-EB0D2AEEFC15}.Debug|Any CPU.Build.0 = Debug|Any CPU
		{C4266C12-37E8-4514-BAE4-EB0D2AEEFC15}.Release|Any CPU.ActiveCfg = Release|Any CPU
		{C4266C12-37E8-4514-BAE4-EB0D2AEEFC15}.Release|Any CPU.Build.0 = Release|Any CPU
		{7563A769-1265-4388-A94E-9BE788BBD3F2}.Debug|Any CPU.ActiveCfg = Debug|Any CPU
		{7563A769-1265-4388-A94E-9BE788BBD3F2}.Debug|Any CPU.Build.0 = Debug|Any CPU
		{7563A769-1265-4388-A94E-9BE788BBD3F2}.Release|Any CPU.ActiveCfg = Release|Any CPU
		{7563A769-1265-4388-A94E-9BE788BBD3F2}.Release|Any CPU.Build.0 = Release|Any CPU
		{A4B0528B-6775-4A31-B303-8864AF2A1175}.Debug|Any CPU.ActiveCfg = Debug|Any CPU
		{A4B0528B-6775-4A31-B303-8864AF2A1175}.Debug|Any CPU.Build.0 = Debug|Any CPU
		{A4B0528B-6775-4A31-B303-8864AF2A1175}.Release|Any CPU.ActiveCfg = Release|Any CPU
		{A4B0528B-6775-4A31-B303-8864AF2A1175}.Release|Any CPU.Build.0 = Release|Any CPU
		{BA212AE6-CE66-4853-9398-A5F0F66A57FD}.Debug|Any CPU.ActiveCfg = Debug|Any CPU
		{BA212AE6-CE66-4853-9398-A5F0F66A57FD}.Debug|Any CPU.Build.0 = Debug|Any CPU
		{BA212AE6-CE66-4853-9398-A5F0F66A57FD}.Release|Any CPU.ActiveCfg = Release|Any CPU
		{BA212AE6-CE66-4853-9398-A5F0F66A57FD}.Release|Any CPU.Build.0 = Release|Any CPU
		{03E67A0D-D21A-4B61-84D6-ECD8DA215FE2}.Debug|Any CPU.ActiveCfg = Debug|Any CPU
		{03E67A0D-D21A-4B61-84D6-ECD8DA215FE2}.Debug|Any CPU.Build.0 = Debug|Any CPU
		{03E67A0D-D21A-4B61-84D6-ECD8DA215FE2}.Release|Any CPU.ActiveCfg = Release|Any CPU
		{03E67A0D-D21A-4B61-84D6-ECD8DA215FE2}.Release|Any CPU.Build.0 = Release|Any CPU
	EndGlobalSection
	GlobalSection(SolutionProperties) = preSolution
		HideSolutionNode = FALSE
	EndGlobalSection
	GlobalSection(ExtensibilityGlobals) = postSolution
		SolutionGuid = {A3832E75-AF97-4A3C-9037-92F0CDF401F0}
	EndGlobalSection
EndGlobal
